PODS:
  - Flutter (1.0.0)
  - location (0.0.1):
    - Flutter

DEPENDENCIES:
  - Flutter (from `/Users/alessandro/Library/flutter/bin/cache/artifacts/engine/ios-release`)
  - location (from `/Users/alessandro/.pub-cache/hosted/pub.dartlang.org/location-1.1.7/ios`)

EXTERNAL SOURCES:
  Flutter:
    :path: /Users/alessandro/Library/flutter/bin/cache/artifacts/engine/ios-release
  location:
    :path: /Users/alessandro/.pub-cache/hosted/pub.dartlang.org/location-1.1.7/ios

SPEC CHECKSUMS:
  Flutter: 7eb41cd1fd524b90d7f22bceb20da2c39338b089
  location: 26c90953ad5916331d0d1d913898779910416487

PODFILE CHECKSUM: c6c865faff84807a5d35de69eb2cdbdc36b99e15

COCOAPODS: 1.4.0
